{
  "name": "princejohn",
  "version": "1.0.0",
  "lockfileVersion": 1,
  "requires": true,
  "dependencies": {
    "polygon.io": {
      "version": "2.0.2",
      "resolved": "https://registry.npmjs.org/polygon.io/-/polygon.io-2.0.2.tgz",
      "integrity": "sha512-1tX8+NC4n6Ie1awcuv4hmDKHFe9jB507Uu40DkMZ1i3pQkRVchO9UW4R0Fofhtf7hYzTIm4n6H9lHjjmKBZukQ==",
      "requires": {
        "ws": "^7.2.1"
      }
    },
    "ws": {
      "version": "7.4.3",
      "resolved": "https://registry.npmjs.org/ws/-/ws-7.4.3.tgz",
      "integrity": "sha512-hr6vCR76GsossIRsr8OLR9acVVm1jyfEWvhbNjtgPOrfvAlKzvyeg/P6r8RuDjRyrcQoPQT7K0DGEPc7Ae6jzA=="
    }
  }
}
